
Microsoft Visual Studio Solution File, Format Version 12.00
# Visual Studio Version 17
VisualStudioVersion = 17.4.33213.308
MinimumVisualStudioVersion = 10.0.40219.1
Project("{FAE04EC0-301F-11D3-BF4B-00C04F79EFBC}") = "EasyCalculator", "EasyCalculator\EasyCalculator.csproj", "{DCF0038D-EB4E-4789-98A7-849D9F2593DF}"
EndProject
Global
	GlobalSection(SolutionConfigurationPlatforms) = preSolution
		Debug|Any CPU = Debug|Any CPU
		Release|Any CPU = Release|Any CPU
	EndGlobalSection
	GlobalSection(ProjectConfigurationPlatforms) = postSolution
		{DCF0038D-EB4E-4789-98A7-849D9F2593DF}.Debug|Any CPU.ActiveCfg = Debug|Any CPU
		{DCF0038D-EB4E-4789-98A7-849D9F2593DF}.Debug|Any CPU.Build.0 = Debug|Any CPU
		{DCF0038D-EB4E-4789-98A7-849D9F2593DF}.Release|Any CPU.ActiveCfg = Release|Any CPU
		{DCF0038D-EB4E-4789-98A7-849D9F2593DF}.Release|Any CPU.Build.0 = Release|Any CPU
	EndGlobalSection
	GlobalSection(SolutionProperties) = preSolution
		HideSolutionNode = FALSE
	EndGlobalSection
	GlobalSection(ExtensibilityGlobals) = postSolution
		SolutionGuid = {2A715D62-F089-4902-81D3-B2D6FD31F9FE}
	EndGlobalSection
EndGlobal
